
Microsoft Visual Studio Solution File, Format Version 12.00
# Visual Studio Version 16
VisualStudioVersion = 16.0.30114.105
MinimumVisualStudioVersion = 10.0.40219.1
Project("{2150E333-8FDC-42A3-9474-1A3956D46DE8}") = "src", "src", "{63FACBC9-2071-4761-B5CC-D34A5DBD6C96}"
EndProject
Project("{FAE04EC0-301F-11D3-BF4B-00C04F79EFBC}") = "CRUD.API", "src\CRUD.API\CRUD.API.csproj", "{E99654F5-70BC-480D-84DD-F7DBFAB3580B}"
EndProject
Project("{FAE04EC0-301F-11D3-BF4B-00C04F79EFBC}") = "CRUD.Core", "src\CRUD.Core\CRUD.Core.csproj", "{96CA71F1-DD0D-4657-AEA7-79F9615ADAD1}"
EndProject
Project("{FAE04EC0-301F-11D3-BF4B-00C04F79EFBC}") = "CRUD.Domain", "src\CRUD.Domain\CRUD.Domain.csproj", "{C333C702-B539-426F-8542-C97C5D1558F9}"
EndProject
Project("{FAE04EC0-301F-11D3-BF4B-00C04F79EFBC}") = "CRUD.Infra", "src\CRUD.Infra\CRUD.Infra.csproj", "{350AB5F4-5349-45C3-A360-51B16FDF069F}"
EndProject
Project("{FAE04EC0-301F-11D3-BF4B-00C04F79EFBC}") = "CRUD.Services", "src\CRUD.Services\CRUD.Services.csproj", "{CFCE50FF-4896-4AF6-AFEE-E4ABB90B2936}"
EndProject
Global
	GlobalSection(SolutionConfigurationPlatforms) = preSolution
		Debug|Any CPU = Debug|Any CPU
		Release|Any CPU = Release|Any CPU
	EndGlobalSection
	GlobalSection(SolutionProperties) = preSolution
		HideSolutionNode = FALSE
	EndGlobalSection
	GlobalSection(ProjectConfigurationPlatforms) = postSolution
		{E99654F5-70BC-480D-84DD-F7DBFAB3580B}.Debug|Any CPU.ActiveCfg = Debug|Any CPU
		{E99654F5-70BC-480D-84DD-F7DBFAB3580B}.Debug|Any CPU.Build.0 = Debug|Any CPU
		{E99654F5-70BC-480D-84DD-F7DBFAB3580B}.Release|Any CPU.ActiveCfg = Release|Any CPU
		{E99654F5-70BC-480D-84DD-F7DBFAB3580B}.Release|Any CPU.Build.0 = Release|Any CPU
		{96CA71F1-DD0D-4657-AEA7-79F9615ADAD1}.Debug|Any CPU.ActiveCfg = Debug|Any CPU
		{96CA71F1-DD0D-4657-AEA7-79F9615ADAD1}.Debug|Any CPU.Build.0 = Debug|Any CPU
		{96CA71F1-DD0D-4657-AEA7-79F9615ADAD1}.Release|Any CPU.ActiveCfg = Release|Any CPU
		{96CA71F1-DD0D-4657-AEA7-79F9615ADAD1}.Release|Any CPU.Build.0 = Release|Any CPU
		{C333C702-B539-426F-8542-C97C5D1558F9}.Debug|Any CPU.ActiveCfg = Debug|Any CPU
		{C333C702-B539-426F-8542-C97C5D1558F9}.Debug|Any CPU.Build.0 = Debug|Any CPU
		{C333C702-B539-426F-8542-C97C5D1558F9}.Release|Any CPU.ActiveCfg = Release|Any CPU
		{C333C702-B539-426F-8542-C97C5D1558F9}.Release|Any CPU.Build.0 = Release|Any CPU
		{350AB5F4-5349-45C3-A360-51B16FDF069F}.Debug|Any CPU.ActiveCfg = Debug|Any CPU
		{350AB5F4-5349-45C3-A360-51B16FDF069F}.Debug|Any CPU.Build.0 = Debug|Any CPU
		{350AB5F4-5349-45C3-A360-51B16FDF069F}.Release|Any CPU.ActiveCfg = Release|Any CPU
		{350AB5F4-5349-45C3-A360-51B16FDF069F}.Release|Any CPU.Build.0 = Release|Any CPU
		{CFCE50FF-4896-4AF6-AFEE-E4ABB90B2936}.Debug|Any CPU.ActiveCfg = Debug|Any CPU
		{CFCE50FF-4896-4AF6-AFEE-E4ABB90B2936}.Debug|Any CPU.Build.0 = Debug|Any CPU
		{CFCE50FF-4896-4AF6-AFEE-E4ABB90B2936}.Release|Any CPU.ActiveCfg = Release|Any CPU
		{CFCE50FF-4896-4AF6-AFEE-E4ABB90B2936}.Release|Any CPU.Build.0 = Release|Any CPU
	EndGlobalSection
	GlobalSection(NestedProjects) = preSolution
		{E99654F5-70BC-480D-84DD-F7DBFAB3580B} = {63FACBC9-2071-4761-B5CC-D34A5DBD6C96}
		{96CA71F1-DD0D-4657-AEA7-79F9615ADAD1} = {63FACBC9-2071-4761-B5CC-D34A5DBD6C96}
		{C333C702-B539-426F-8542-C97C5D1558F9} = {63FACBC9-2071-4761-B5CC-D34A5DBD6C96}
		{350AB5F4-5349-45C3-A360-51B16FDF069F} = {63FACBC9-2071-4761-B5CC-D34A5DBD6C96}
		{CFCE50FF-4896-4AF6-AFEE-E4ABB90B2936} = {63FACBC9-2071-4761-B5CC-D34A5DBD6C96}
	EndGlobalSection
EndGlobal
